<Solution>
  <Folder Name="/src/">
    <Project Path="src/NetVsMcp.Broker/NetVsMcp.Broker.csproj" />
    <Project Path="src/NetVsMcp.Contracts/NetVsMcp.Contracts.csproj" />
    <Project Path="src/NetVsMcp.Installer/NetVsMcp.Installer.wixproj" />
    <Project Path="src/NetVsMcp.Vsix/NetVsMcp.Vsix.csproj" />
  </Folder>
  <Folder Name="/tests/">
    <Project Path="tests/NetVsMcp.Broker.Tests/NetVsMcp.Broker.Tests.csproj" />
    <Project Path="tests/NetVsMcp.Vsix.Tests/NetVsMcp.Vsix.Tests.csproj" />
  </Folder>
</Solution>
